// !$*UTF8*$!
{
	archiveVersion = 1;
	classes = {
	};
	objectVersion = 51;
	objects = {

/* Begin PBXBuildFile section */
		642C4172B39CEE7124D0E49C /* libPods-LGangTableView.a in Frameworks */ = {isa = PBXBuildFile; fileRef = B1B23209CF6FA0179CC754C4 /* libPods-LGangTableView.a */; };
		C2782F73253826710049AA3A /* AppDelegate.m in Sources */ = {isa = PBXBuildFile; fileRef = C2782F72253826710049AA3A /* AppDelegate.m */; };
		C2782F79253826710049AA3A /* ViewController.m in Sources */ = {isa = PBXBuildFile; fileRef = C2782F78253826710049AA3A /* ViewController.m */; };
		C2782F7C253826710049AA3A /* Main.storyboard in Resources */ = {isa = PBXBuildFile; fileRef = C2782F7A253826710049AA3A /* Main.storyboard */; };
		C2782F7E2538267C0049AA3A /* Assets.xcassets in Resources */ = {isa = PBXBuildFile; fileRef = C2782F7D2538267C0049AA3A /* Assets.xcassets */; };
		C2782F812538267C0049AA3A /* LaunchScreen.storyboard in Resources */ = {isa = PBXBuildFile; fileRef = C2782F7F2538267C0049AA3A /* LaunchScreen.storyboard */; };
		C2782F842538267C0049AA3A /* main.m in Sources */ = {isa = PBXBuildFile; fileRef = C2782F832538267C0049AA3A /* main.m */; };
		C2782F8D253828FD0049AA3A /* LGTableViewManager.m in Sources */ = {isa = PBXBuildFile; fileRef = C2782F8C253828FD0049AA3A /* LGTableViewManager.m */; };
		C2782F932539318A0049AA3A /* NomalTableViewController.m in Sources */ = {isa = PBXBuildFile; fileRef = C2782F922539318A0049AA3A /* NomalTableViewController.m */; };
		C2782F962539319D0049AA3A /* CustemViewController.m in Sources */ = {isa = PBXBuildFile; fileRef = C2782F952539319D0049AA3A /* CustemViewController.m */; };
		C2782F9D253932130049AA3A /* NewsModel.m in Sources */ = {isa = PBXBuildFile; fileRef = C2782F9C253932130049AA3A /* NewsModel.m */; };
		C2782FA025393C160049AA3A /* NewsTableViewCell.m in Sources */ = {isa = PBXBuildFile; fileRef = C2782F9F25393C160049AA3A /* NewsTableViewCell.m */; };
		C2782FA3253969D90049AA3A /* LGBaseModel.m in Sources */ = {isa = PBXBuildFile; fileRef = C2782FA2253969D90049AA3A /* LGBaseModel.m */; };
		C2782FA625396D270049AA3A /* Mnustil.m in Sources */ = {isa = PBXBuildFile; fileRef = C2782FA525396D270049AA3A /* Mnustil.m */; };
		C2782FA925397A270049AA3A /* NewsTableAdapter.m in Sources */ = {isa = PBXBuildFile; fileRef = C2782FA825397A270049AA3A /* NewsTableAdapter.m */; };
		C2782FAC25397B4F0049AA3A /* PersonModel.m in Sources */ = {isa = PBXBuildFile; fileRef = C2782FAB25397B4F0049AA3A /* PersonModel.m */; };
		C2782FB125397BC30049AA3A /* ExtendCell.xib in Resources */ = {isa = PBXBuildFile; fileRef = C2782FAF25397BC30049AA3A /* ExtendCell.xib */; };
		C2782FB8253980480049AA3A /* ExtendCell.m in Sources */ = {isa = PBXBuildFile; fileRef = C2782FB7253980480049AA3A /* ExtendCell.m */; };
		C2782FBC25398DD10049AA3A /* TableViewCell.m in Sources */ = {isa = PBXBuildFile; fileRef = C2782FBA25398DD10049AA3A /* TableViewCell.m */; };
		C2782FBD25398DD10049AA3A /* TableViewCell.xib in Resources */ = {isa = PBXBuildFile; fileRef = C2782FBB25398DD10049AA3A /* TableViewCell.xib */; };
		C2782FC025398EAE0049AA3A /* LGCellAutoViewController.m in Sources */ = {isa = PBXBuildFile; fileRef = C2782FBF25398EAE0049AA3A /* LGCellAutoViewController.m */; };
		C2782FC3253992F80049AA3A /* LGTableGroupViewController.m in Sources */ = {isa = PBXBuildFile; fileRef = C2782FC2253992F80049AA3A /* LGTableGroupViewController.m */; };
		C2782FC7253A81390049AA3A /* CellAutoTableViewCell.m in Sources */ = {isa = PBXBuildFile; fileRef = C2782FC5253A81390049AA3A /* CellAutoTableViewCell.m */; };
		C2782FC8253A81390049AA3A /* CellAutoTableViewCell.xib in Resources */ = {isa = PBXBuildFile; fileRef = C2782FC6253A81390049AA3A /* CellAutoTableViewCell.xib */; };
		C2782FCB253A81570049AA3A /* CellAutosModel.m in Sources */ = {isa = PBXBuildFile; fileRef = C2782FCA253A81570049AA3A /* CellAutosModel.m */; };
		C27830C0254670C10049AA3A /* LQOrderCenterViewController.m in Sources */ = {isa = PBXBuildFile; fileRef = C27830BF254670C10049AA3A /* LQOrderCenterViewController.m */; };
		C27830C3254670E90049AA3A /* OrderListModel.m in Sources */ = {isa = PBXBuildFile; fileRef = C27830C2254670E90049AA3A /* OrderListModel.m */; };
		C27830C7254671060049AA3A /* LQOrderTableViewCell.m in Sources */ = {isa = PBXBuildFile; fileRef = C27830C5254671060049AA3A /* LQOrderTableViewCell.m */; };
		C27830C8254671060049AA3A /* LQOrderTableViewCell.xib in Resources */ = {isa = PBXBuildFile; fileRef = C27830C6254671060049AA3A /* LQOrderTableViewCell.xib */; };
		C27831762547B6500049AA3A /* LGAllOrderViewController.m in Sources */ = {isa = PBXBuildFile; fileRef = C27831752547B6500049AA3A /* LGAllOrderViewController.m */; };
		C27831792547B66D0049AA3A /* LQDZhiFuViewController.m in Sources */ = {isa = PBXBuildFile; fileRef = C27831782547B66D0049AA3A /* LQDZhiFuViewController.m */; };
		C27831832547C9B40049AA3A /* LGPageViewController.m in Sources */ = {isa = PBXBuildFile; fileRef = C27831822547C9B40049AA3A /* LGPageViewController.m */; };
		C27831862547C9C80049AA3A /* SubTitleView.m in Sources */ = {isa = PBXBuildFile; fileRef = C27831842547C9C70049AA3A /* SubTitleView.m */; };
/* End PBXBuildFile section */

/* Begin PBXFileReference section */
		081162113572016C0C6FD078 /* Pods-LGangTableView.release.xcconfig */ = {isa = PBXFileReference; includeInIndex = 1; lastKnownFileType = text.xcconfig; name = "Pods-LGangTableView.release.xcconfig"; path = "Target Support Files/Pods-LGangTableView/Pods-LGangTableView.release.xcconfig"; sourceTree = "<group>"; };
		B1B23209CF6FA0179CC754C4 /* libPods-LGangTableView.a */ = {isa = PBXFileReference; explicitFileType = archive.ar; includeInIndex = 0; path = "libPods-LGangTableView.a"; sourceTree = BUILT_PRODUCTS_DIR; };
		C2782F6E253826710049AA3A /* LGangTableView.app */ = {isa = PBXFileReference; explicitFileType = wrapper.application; includeInIndex = 0; path = LGangTableView.app; sourceTree = BUILT_PRODUCTS_DIR; };
		C2782F71253826710049AA3A /* AppDelegate.h */ = {isa = PBXFileReference; lastKnownFileType = sourcecode.c.h; path = AppDelegate.h; sourceTree = "<group>"; };
		C2782F72253826710049AA3A /* AppDelegate.m */ = {isa = PBXFileReference; lastKnownFileType = sourcecode.c.objc; path = AppDelegate.m; sourceTree = "<group>"; };
		C2782F77253826710049AA3A /* ViewController.h */ = {isa = PBXFileReference; lastKnownFileType = sourcecode.c.h; path = ViewController.h; sourceTree = "<group>"; };
		C2782F78253826710049AA3A /* ViewController.m */ = {isa = PBXFileReference; lastKnownFileType = sourcecode.c.objc; path = ViewController.m; sourceTree = "<group>"; };
		C2782F7B253826710049AA3A /* Base */ = {isa = PBXFileReference; lastKnownFileType = file.storyboard; name = Base; path = Base.lproj/Main.storyboard; sourceTree = "<group>"; };
		C2782F7D2538267C0049AA3A /* Assets.xcassets */ = {isa = PBXFileReference; lastKnownFileType = folder.assetcatalog; path = Assets.xcassets; sourceTree = "<group>"; };
		C2782F802538267C0049AA3A /* Base */ = {isa = PBXFileReference; lastKnownFileType = file.storyboard; name = Base; path = Base.lproj/LaunchScreen.storyboard; sourceTree = "<group>"; };
		C2782F822538267C0049AA3A /* Info.plist */ = {isa = PBXFileReference; lastKnownFileType = text.plist.xml; path = Info.plist; sourceTree = "<group>"; };
		C2782F832538267C0049AA3A /* main.m */ = {isa = PBXFileReference; lastKnownFileType = sourcecode.c.objc; path = main.m; sourceTree = "<group>"; };
		C2782F8B253828FD0049AA3A /* LGTableViewManager.h */ = {isa = PBXFileReference; lastKnownFileType = sourcecode.c.h; path = LGTableViewManager.h; sourceTree = "<group>"; };
		C2782F8C253828FD0049AA3A /* LGTableViewManager.m */ = {isa = PBXFileReference; lastKnownFileType = sourcecode.c.objc; path = LGTableViewManager.m; sourceTree = "<group>"; };
		C2782F912539318A0049AA3A /* NomalTableViewController.h */ = {isa = PBXFileReference; lastKnownFileType = sourcecode.c.h; path = NomalTableViewController.h; sourceTree = "<group>"; };
		C2782F922539318A0049AA3A /* NomalTableViewController.m */ = {isa = PBXFileReference; lastKnownFileType = sourcecode.c.objc; path = NomalTableViewController.m; sourceTree = "<group>"; };
		C2782F942539319D0049AA3A /* CustemViewController.h */ = {isa = PBXFileReference; lastKnownFileType = sourcecode.c.h; path = CustemViewController.h; sourceTree = "<group>"; };
		C2782F952539319D0049AA3A /* CustemViewController.m */ = {isa = PBXFileReference; lastKnownFileType = sourcecode.c.objc; path = CustemViewController.m; sourceTree = "<group>"; };
		C2782F9B253932130049AA3A /* NewsModel.h */ = {isa = PBXFileReference; lastKnownFileType = sourcecode.c.h; path = NewsModel.h; sourceTree = "<group>"; };
		C2782F9C253932130049AA3A /* NewsModel.m */ = {isa = PBXFileReference; lastKnownFileType = sourcecode.c.objc; path = NewsModel.m; sourceTree = "<group>"; };
		C2782F9E25393C160049AA3A /* NewsTableViewCell.h */ = {isa = PBXFileReference; lastKnownFileType = sourcecode.c.h; path = NewsTableViewCell.h; sourceTree = "<group>"; };
		C2782F9F25393C160049AA3A /* NewsTableViewCell.m */ = {isa = PBXFileReference; lastKnownFileType = sourcecode.c.objc; path = NewsTableViewCell.m; sourceTree = "<group>"; };
		C2782FA1253969D90049AA3A /* LGBaseModel.h */ = {isa = PBXFileReference; lastKnownFileType = sourcecode.c.h; path = LGBaseModel.h; sourceTree = "<group>"; };
		C2782FA2253969D90049AA3A /* LGBaseModel.m */ = {isa = PBXFileReference; lastKnownFileType = sourcecode.c.objc; path = LGBaseModel.m; sourceTree = "<group>"; };
		C2782FA425396D270049AA3A /* Mnustil.h */ = {isa = PBXFileReference; lastKnownFileType = sourcecode.c.h; path = Mnustil.h; sourceTree = "<group>"; };
		C2782FA525396D270049AA3A /* Mnustil.m */ = {isa = PBXFileReference; lastKnownFileType = sourcecode.c.objc; path = Mnustil.m; sourceTree = "<group>"; };
		C2782FA725397A270049AA3A /* NewsTableAdapter.h */ = {isa = PBXFileReference; lastKnownFileType = sourcecode.c.h; path = NewsTableAdapter.h; sourceTree = "<group>"; };
		C2782FA825397A270049AA3A /* NewsTableAdapter.m */ = {isa = PBXFileReference; lastKnownFileType = sourcecode.c.objc; path = NewsTableAdapter.m; sourceTree = "<group>"; };
		C2782FAA25397B4F0049AA3A /* PersonModel.h */ = {isa = PBXFileReference; lastKnownFileType = sourcecode.c.h; path = PersonModel.h; sourceTree = "<group>"; };
		C2782FAB25397B4F0049AA3A /* PersonModel.m */ = {isa = PBXFileReference; lastKnownFileType = sourcecode.c.objc; path = PersonModel.m; sourceTree = "<group>"; };
		C2782FAD25397BC30049AA3A /* ExtendCell.h */ = {isa = PBXFileReference; fileEncoding = 4; lastKnownFileType = sourcecode.c.h; path = ExtendCell.h; sourceTree = "<group>"; };
		C2782FAF25397BC30049AA3A /* ExtendCell.xib */ = {isa = PBXFileReference; fileEncoding = 4; lastKnownFileType = file.xib; path = ExtendCell.xib; sourceTree = "<group>"; };
		C2782FB7253980480049AA3A /* ExtendCell.m */ = {isa = PBXFileReference; fileEncoding = 4; lastKnownFileType = sourcecode.c.objc; path = ExtendCell.m; sourceTree = "<group>"; };
		C2782FB925398DD10049AA3A /* TableViewCell.h */ = {isa = PBXFileReference; lastKnownFileType = sourcecode.c.h; path = TableViewCell.h; sourceTree = "<group>"; };
		C2782FBA25398DD10049AA3A /* TableViewCell.m */ = {isa = PBXFileReference; lastKnownFileType = sourcecode.c.objc; path = TableViewCell.m; sourceTree = "<group>"; };
		C2782FBB25398DD10049AA3A /* TableViewCell.xib */ = {isa = PBXFileReference; lastKnownFileType = file.xib; path = TableViewCell.xib; sourceTree = "<group>"; };
		C2782FBE25398EAE0049AA3A /* LGCellAutoViewController.h */ = {isa = PBXFileReference; lastKnownFileType = sourcecode.c.h; path = LGCellAutoViewController.h; sourceTree = "<group>"; };
		C2782FBF25398EAE0049AA3A /* LGCellAutoViewController.m */ = {isa = PBXFileReference; lastKnownFileType = sourcecode.c.objc; path = LGCellAutoViewController.m; sourceTree = "<group>"; };
		C2782FC1253992F80049AA3A /* LGTableGroupViewController.h */ = {isa = PBXFileReference; lastKnownFileType = sourcecode.c.h; path = LGTableGroupViewController.h; sourceTree = "<group>"; };
		C2782FC2253992F80049AA3A /* LGTableGroupViewController.m */ = {isa = PBXFileReference; lastKnownFileType = sourcecode.c.objc; path = LGTableGroupViewController.m; sourceTree = "<group>"; };
		C2782FC4253A81390049AA3A /* CellAutoTableViewCell.h */ = {isa = PBXFileReference; lastKnownFileType = sourcecode.c.h; path = CellAutoTableViewCell.h; sourceTree = "<group>"; };
		C2782FC5253A81390049AA3A /* CellAutoTableViewCell.m */ = {isa = PBXFileReference; lastKnownFileType = sourcecode.c.objc; path = CellAutoTableViewCell.m; sourceTree = "<group>"; };
		C2782FC6253A81390049AA3A /* CellAutoTableViewCell.xib */ = {isa = PBXFileReference; lastKnownFileType = file.xib; path = CellAutoTableViewCell.xib; sourceTree = "<group>"; };
		C2782FC9253A81570049AA3A /* CellAutosModel.h */ = {isa = PBXFileReference; lastKnownFileType = sourcecode.c.h; path = CellAutosModel.h; sourceTree = "<group>"; };
		C2782FCA253A81570049AA3A /* CellAutosModel.m */ = {isa = PBXFileReference; lastKnownFileType = sourcecode.c.objc; path = CellAutosModel.m; sourceTree = "<group>"; };
		C27830BE254670C10049AA3A /* LQOrderCenterViewController.h */ = {isa = PBXFileReference; lastKnownFileType = sourcecode.c.h; path = LQOrderCenterViewController.h; sourceTree = "<group>"; };
		C27830BF254670C10049AA3A /* LQOrderCenterViewController.m */ = {isa = PBXFileReference; lastKnownFileType = sourcecode.c.objc; path = LQOrderCenterViewController.m; sourceTree = "<group>"; };
		C27830C1254670E90049AA3A /* OrderListModel.h */ = {isa = PBXFileReference; lastKnownFileType = sourcecode.c.h; path = OrderListModel.h; sourceTree = "<group>"; };
		C27830C2254670E90049AA3A /* OrderListModel.m */ = {isa = PBXFileReference; lastKnownFileType = sourcecode.c.objc; path = OrderListModel.m; sourceTree = "<group>"; };
		C27830C4254671060049AA3A /* LQOrderTableViewCell.h */ = {isa = PBXFileReference; lastKnownFileType = sourcecode.c.h; path = LQOrderTableViewCell.h; sourceTree = "<group>"; };
		C27830C5254671060049AA3A /* LQOrderTableViewCell.m */ = {isa = PBXFileReference; lastKnownFileType = sourcecode.c.objc; path = LQOrderTableViewCell.m; sourceTree = "<group>"; };
		C27830C6254671060049AA3A /* LQOrderTableViewCell.xib */ = {isa = PBXFileReference; lastKnownFileType = file.xib; path = LQOrderTableViewCell.xib; sourceTree = "<group>"; };
		C27831742547B6500049AA3A /* LGAllOrderViewController.h */ = {isa = PBXFileReference; lastKnownFileType = sourcecode.c.h; path = LGAllOrderViewController.h; sourceTree = "<group>"; };
		C27831752547B6500049AA3A /* LGAllOrderViewController.m */ = {isa = PBXFileReference; lastKnownFileType = sourcecode.c.objc; path = LGAllOrderViewController.m; sourceTree = "<group>"; };
		C27831772547B66D0049AA3A /* LQDZhiFuViewController.h */ = {isa = PBXFileReference; lastKnownFileType = sourcecode.c.h; path = LQDZhiFuViewController.h; sourceTree = "<group>"; };
		C27831782547B66D0049AA3A /* LQDZhiFuViewController.m */ = {isa = PBXFileReference; lastKnownFileType = sourcecode.c.objc; path = LQDZhiFuViewController.m; sourceTree = "<group>"; };
		C27831812547C9B30049AA3A /* LGPageViewController.h */ = {isa = PBXFileReference; fileEncoding = 4; lastKnownFileType = sourcecode.c.h; path = LGPageViewController.h; sourceTree = "<group>"; };
		C27831822547C9B40049AA3A /* LGPageViewController.m */ = {isa = PBXFileReference; fileEncoding = 4; lastKnownFileType = sourcecode.c.objc; path = LGPageViewController.m; sourceTree = "<group>"; };
		C27831842547C9C70049AA3A /* SubTitleView.m */ = {isa = PBXFileReference; fileEncoding = 4; lastKnownFileType = sourcecode.c.objc; path = SubTitleView.m; sourceTree = "<group>"; };
		C27831852547C9C70049AA3A /* SubTitleView.h */ = {isa = PBXFileReference; fileEncoding = 4; lastKnownFileType = sourcecode.c.h; path = SubTitleView.h; sourceTree = "<group>"; };
		DEC189D8BD8268A122A47AD1 /* Pods-LGangTableView.debug.xcconfig */ = {isa = PBXFileReference; includeInIndex = 1; lastKnownFileType = text.xcconfig; name = "Pods-LGangTableView.debug.xcconfig"; path = "Target Support Files/Pods-LGangTableView/Pods-LGangTableView.debug.xcconfig"; sourceTree = "<group>"; };
/* End PBXFileReference section */

/* Begin PBXFrameworksBuildPhase section */
		C2782F6B253826710049AA3A /* Frameworks */ = {
			isa = PBXFrameworksBuildPhase;
			buildActionMask = 2147483647;
			files = (
				642C4172B39CEE7124D0E49C /* libPods-LGangTableView.a in Frameworks */,
			);
			runOnlyForDeploymentPostprocessing = 0;
		};
/* End PBXFrameworksBuildPhase section */

/* Begin PBXGroup section */
		95863870E63D5B9969D3E87F /* Frameworks */ = {
			isa = PBXGroup;
			children = (
				B1B23209CF6FA0179CC754C4 /* libPods-LGangTableView.a */,
			);
			name = Frameworks;
			sourceTree = "<group>";
		};
		B2FEA484E43AEBA08CE4C1DD /* Pods */ = {
			isa = PBXGroup;
			children = (
				DEC189D8BD8268A122A47AD1 /* Pods-LGangTableView.debug.xcconfig */,
				081162113572016C0C6FD078 /* Pods-LGangTableView.release.xcconfig */,
			);
			path = Pods;
			sourceTree = "<group>";
		};
		C2782F65253826710049AA3A = {
			isa = PBXGroup;
			children = (
				C2782F70253826710049AA3A /* LGangTableView */,
				C2782F6F253826710049AA3A /* Products */,
				B2FEA484E43AEBA08CE4C1DD /* Pods */,
				95863870E63D5B9969D3E87F /* Frameworks */,
			);
			sourceTree = "<group>";
		};
		C2782F6F253826710049AA3A /* Products */ = {
			isa = PBXGroup;
			children = (
				C2782F6E253826710049AA3A /* LGangTableView.app */,
			);
			name = Products;
			sourceTree = "<group>";
		};
		C2782F70253826710049AA3A /* LGangTableView */ = {
			isa = PBXGroup;
			children = (
				C2782FA425396D270049AA3A /* Mnustil.h */,
				C2782FA525396D270049AA3A /* Mnustil.m */,
				C278317A2547B77F0049AA3A /* LGPageViewController */,
				C27830BA2546709E0049AA3A /* 订单中心 */,
				C2782F8E2539316A0049AA3A /* TestController */,
				C2782F8A253828D60049AA3A /* TableViewObject */,
				C2782F71253826710049AA3A /* AppDelegate.h */,
				C2782F72253826710049AA3A /* AppDelegate.m */,
				C2782F77253826710049AA3A /* ViewController.h */,
				C2782F78253826710049AA3A /* ViewController.m */,
				C2782F7A253826710049AA3A /* Main.storyboard */,
				C2782F7D2538267C0049AA3A /* Assets.xcassets */,
				C2782F7F2538267C0049AA3A /* LaunchScreen.storyboard */,
				C2782F822538267C0049AA3A /* Info.plist */,
				C2782F832538267C0049AA3A /* main.m */,
			);
			path = LGangTableView;
			sourceTree = "<group>";
		};
		C2782F8A253828D60049AA3A /* TableViewObject */ = {
			isa = PBXGroup;
			children = (
				C2782F8B253828FD0049AA3A /* LGTableViewManager.h */,
				C2782F8C253828FD0049AA3A /* LGTableViewManager.m */,
			);
			path = TableViewObject;
			sourceTree = "<group>";
		};
		C2782F8E2539316A0049AA3A /* TestController */ = {
			isa = PBXGroup;
			children = (
				C2782F8F2539316A0049AA3A /* Controller */,
				C2782F9A253931F00049AA3A /* Model */,
				C2782F902539316A0049AA3A /* view */,
			);
			path = TestController;
			sourceTree = "<group>";
		};
		C2782F8F2539316A0049AA3A /* Controller */ = {
			isa = PBXGroup;
			children = (
				C2782F912539318A0049AA3A /* NomalTableViewController.h */,
				C2782F922539318A0049AA3A /* NomalTableViewController.m */,
				C2782F942539319D0049AA3A /* CustemViewController.h */,
				C2782F952539319D0049AA3A /* CustemViewController.m */,
				C2782FBE25398EAE0049AA3A /* LGCellAutoViewController.h */,
				C2782FBF25398EAE0049AA3A /* LGCellAutoViewController.m */,
				C2782FC1253992F80049AA3A /* LGTableGroupViewController.h */,
				C2782FC2253992F80049AA3A /* LGTableGroupViewController.m */,
			);
			path = Controller;
			sourceTree = "<group>";
		};
		C2782F902539316A0049AA3A /* view */ = {
			isa = PBXGroup;
			children = (
				C2782FAD25397BC30049AA3A /* ExtendCell.h */,
				C2782FB7253980480049AA3A /* ExtendCell.m */,
				C2782FAF25397BC30049AA3A /* ExtendCell.xib */,
				C2782F9E25393C160049AA3A /* NewsTableViewCell.h */,
				C2782F9F25393C160049AA3A /* NewsTableViewCell.m */,
				C2782FB925398DD10049AA3A /* TableViewCell.h */,
				C2782FBA25398DD10049AA3A /* TableViewCell.m */,
				C2782FBB25398DD10049AA3A /* TableViewCell.xib */,
				C2782FC4253A81390049AA3A /* CellAutoTableViewCell.h */,
				C2782FC5253A81390049AA3A /* CellAutoTableViewCell.m */,
				C2782FC6253A81390049AA3A /* CellAutoTableViewCell.xib */,
			);
			path = view;
			sourceTree = "<group>";
		};
		C2782F9A253931F00049AA3A /* Model */ = {
			isa = PBXGroup;
			children = (
				C2782F9B253932130049AA3A /* NewsModel.h */,
				C2782F9C253932130049AA3A /* NewsModel.m */,
				C2782FA1253969D90049AA3A /* LGBaseModel.h */,
				C2782FA2253969D90049AA3A /* LGBaseModel.m */,
				C2782FA725397A270049AA3A /* NewsTableAdapter.h */,
				C2782FA825397A270049AA3A /* NewsTableAdapter.m */,
				C2782FAA25397B4F0049AA3A /* PersonModel.h */,
				C2782FAB25397B4F0049AA3A /* PersonModel.m */,
				C2782FC9253A81570049AA3A /* CellAutosModel.h */,
				C2782FCA253A81570049AA3A /* CellAutosModel.m */,
			);
			path = Model;
			sourceTree = "<group>";
		};
		C27830BA2546709E0049AA3A /* 订单中心 */ = {
			isa = PBXGroup;
			children = (
				C27830BB2546709E0049AA3A /* Controller */,
				C27830BC2546709E0049AA3A /* Model */,
				C27830BD2546709E0049AA3A /* View */,
			);
			path = "订单中心";
			sourceTree = "<group>";
		};
		C27830BB2546709E0049AA3A /* Controller */ = {
			isa = PBXGroup;
			children = (
				C27830BE254670C10049AA3A /* LQOrderCenterViewController.h */,
				C27830BF254670C10049AA3A /* LQOrderCenterViewController.m */,
				C27831742547B6500049AA3A /* LGAllOrderViewController.h */,
				C27831752547B6500049AA3A /* LGAllOrderViewController.m */,
				C27831772547B66D0049AA3A /* LQDZhiFuViewController.h */,
				C27831782547B66D0049AA3A /* LQDZhiFuViewController.m */,
			);
			path = Controller;
			sourceTree = "<group>";
		};
		C27830BC2546709E0049AA3A /* Model */ = {
			isa = PBXGroup;
			children = (
				C27830C1254670E90049AA3A /* OrderListModel.h */,
				C27830C2254670E90049AA3A /* OrderListModel.m */,
			);
			path = Model;
			sourceTree = "<group>";
		};
		C27830BD2546709E0049AA3A /* View */ = {
			isa = PBXGroup;
			children = (
				C27830C4254671060049AA3A /* LQOrderTableViewCell.h */,
				C27830C5254671060049AA3A /* LQOrderTableViewCell.m */,
				C27830C6254671060049AA3A /* LQOrderTableViewCell.xib */,
			);
			path = View;
			sourceTree = "<group>";
		};
		C278317A2547B77F0049AA3A /* LGPageViewController */ = {
			isa = PBXGroup;
			children = (
				C27831812547C9B30049AA3A /* LGPageViewController.h */,
				C27831822547C9B40049AA3A /* LGPageViewController.m */,
				C27831852547C9C70049AA3A /* SubTitleView.h */,
				C27831842547C9C70049AA3A /* SubTitleView.m */,
			);
			path = LGPageViewController;
			sourceTree = "<group>";
		};
/* End PBXGroup section */

/* Begin PBXNativeTarget section */
		C2782F6D253826710049AA3A /* LGangTableView */ = {
			isa = PBXNativeTarget;
			buildConfigurationList = C2782F872538267C0049AA3A /* Build configuration list for PBXNativeTarget "LGangTableView" */;
			buildPhases = (
				F38964059DB66024CA73C147 /* [CP] Check Pods Manifest.lock */,
				C2782F6A253826710049AA3A /* Sources */,
				C2782F6B253826710049AA3A /* Frameworks */,
				C2782F6C253826710049AA3A /* Resources */,
				A2E781FAC85BFA2CAEBE8BB2 /* [CP] Copy Pods Resources */,
			);
			buildRules = (
			);
			dependencies = (
			);
			name = LGangTableView;
			productName = LGangTableView;
			productReference = C2782F6E253826710049AA3A /* LGangTableView.app */;
			productType = "com.apple.product-type.application";
		};
/* End PBXNativeTarget section */

/* Begin PBXProject section */
		C2782F66253826710049AA3A /* Project object */ = {
			isa = PBXProject;
			attributes = {
				LastUpgradeCheck = 1170;
				ORGANIZATIONNAME = liugang;
				TargetAttributes = {
					C2782F6D253826710049AA3A = {
						CreatedOnToolsVersion = 11.7;
					};
				};
			};
			buildConfigurationList = C2782F69253826710049AA3A /* Build configuration list for PBXProject "LGangTableView" */;
			compatibilityVersion = "Xcode 9.3";
			developmentRegion = en;
			hasScannedForEncodings = 0;
			knownRegions = (
				en,
				Base,
			);
			mainGroup = C2782F65253826710049AA3A;
			productRefGroup = C2782F6F253826710049AA3A /* Products */;
			projectDirPath = "";
			projectRoot = "";
			targets = (
				C2782F6D253826710049AA3A /* LGangTableView */,
			);
		};
/* End PBXProject section */

/* Begin PBXResourcesBuildPhase section */
		C2782F6C253826710049AA3A /* Resources */ = {
			isa = PBXResourcesBuildPhase;
			buildActionMask = 2147483647;
			files = (
				C2782F812538267C0049AA3A /* LaunchScreen.storyboard in Resources */,
				C27830C8254671060049AA3A /* LQOrderTableViewCell.xib in Resources */,
				C2782FBD25398DD10049AA3A /* TableViewCell.xib in Resources */,
				C2782FC8253A81390049AA3A /* CellAutoTableViewCell.xib in Resources */,
				C2782F7E2538267C0049AA3A /* Assets.xcassets in Resources */,
				C2782F7C253826710049AA3A /* Main.storyboard in Resources */,
				C2782FB125397BC30049AA3A /* ExtendCell.xib in Resources */,
			);
			runOnlyForDeploymentPostprocessing = 0;
		};
/* End PBXResourcesBuildPhase section */

/* Begin PBXShellScriptBuildPhase section */
		A2E781FAC85BFA2CAEBE8BB2 /* [CP] Copy Pods Resources */ = {
			isa = PBXShellScriptBuildPhase;
			buildActionMask = 2147483647;
			files = (
			);
			inputFileListPaths = (
				"${PODS_ROOT}/Target Support Files/Pods-LGangTableView/Pods-LGangTableView-resources-${CONFIGURATION}-input-files.xcfilelist",
			);
			name = "[CP] Copy Pods Resources";
			outputFileListPaths = (
				"${PODS_ROOT}/Target Support Files/Pods-LGangTableView/Pods-LGangTableView-resources-${CONFIGURATION}-output-files.xcfilelist",
			);
			runOnlyForDeploymentPostprocessing = 0;
			shellPath = /bin/sh;
			shellScript = "\"${PODS_ROOT}/Target Support Files/Pods-LGangTableView/Pods-LGangTableView-resources.sh\"\n";
			showEnvVarsInLog = 0;
		};
		F38964059DB66024CA73C147 /* [CP] Check Pods Manifest.lock */ = {
			isa = PBXShellScriptBuildPhase;
			buildActionMask = 2147483647;
			files = (
			);
			inputFileListPaths = (
			);
			inputPaths = (
				"${PODS_PODFILE_DIR_PATH}/Podfile.lock",
				"${PODS_ROOT}/Manifest.lock",
			);
			name = "[CP] Check Pods Manifest.lock";
			outputFileListPaths = (
			);
			outputPaths = (
				"$(DERIVED_FILE_DIR)/Pods-LGangTableView-checkManifestLockResult.txt",
			);
			runOnlyForDeploymentPostprocessing = 0;
			shellPath = /bin/sh;
			shellScript = "diff \"${PODS_PODFILE_DIR_PATH}/Podfile.lock\" \"${PODS_ROOT}/Manifest.lock\" > /dev/null\nif [ $? != 0 ] ; then\n    # print error to STDERR\n    echo \"error: The sandbox is not in sync with the Podfile.lock. Run 'pod install' or update your CocoaPods installation.\" >&2\n    exit 1\nfi\n# This output is used by Xcode 'outputs' to avoid re-running this script phase.\necho \"SUCCESS\" > \"${SCRIPT_OUTPUT_FILE_0}\"\n";
			showEnvVarsInLog = 0;
		};
/* End PBXShellScriptBuildPhase section */

/* Begin PBXSourcesBuildPhase section */
		C2782F6A253826710049AA3A /* Sources */ = {
			isa = PBXSourcesBuildPhase;
			buildActionMask = 2147483647;
			files = (
				C2782F932539318A0049AA3A /* NomalTableViewController.m in Sources */,
				C27830C0254670C10049AA3A /* LQOrderCenterViewController.m in Sources */,
				C2782FC7253A81390049AA3A /* CellAutoTableViewCell.m in Sources */,
				C27830C7254671060049AA3A /* LQOrderTableViewCell.m in Sources */,
				C27831792547B66D0049AA3A /* LQDZhiFuViewController.m in Sources */,
				C2782F8D253828FD0049AA3A /* LGTableViewManager.m in Sources */,
				C2782FA925397A270049AA3A /* NewsTableAdapter.m in Sources */,
				C2782F79253826710049AA3A /* ViewController.m in Sources */,
				C27831832547C9B40049AA3A /* LGPageViewController.m in Sources */,
				C2782F9D253932130049AA3A /* NewsModel.m in Sources */,
				C27831762547B6500049AA3A /* LGAllOrderViewController.m in Sources */,
				C2782FA625396D270049AA3A /* Mnustil.m in Sources */,
				C2782FA3253969D90049AA3A /* LGBaseModel.m in Sources */,
				C2782FCB253A81570049AA3A /* CellAutosModel.m in Sources */,
				C2782FBC25398DD10049AA3A /* TableViewCell.m in Sources */,
				C2782FA025393C160049AA3A /* NewsTableViewCell.m in Sources */,
				C2782F962539319D0049AA3A /* CustemViewController.m in Sources */,
				C2782F73253826710049AA3A /* AppDelegate.m in Sources */,
				C2782FC025398EAE0049AA3A /* LGCellAutoViewController.m in Sources */,
				C27830C3254670E90049AA3A /* OrderListModel.m in Sources */,
				C2782FB8253980480049AA3A /* ExtendCell.m in Sources */,
				C27831862547C9C80049AA3A /* SubTitleView.m in Sources */,
				C2782FAC25397B4F0049AA3A /* PersonModel.m in Sources */,
				C2782FC3253992F80049AA3A /* LGTableGroupViewController.m in Sources */,
				C2782F842538267C0049AA3A /* main.m in Sources */,
			);
			runOnlyForDeploymentPostprocessing = 0;
		};
/* End PBXSourcesBuildPhase section */

/* Begin PBXVariantGroup section */
		C2782F7A253826710049AA3A /* Main.storyboard */ = {
			isa = PBXVariantGroup;
			children = (
				C2782F7B253826710049AA3A /* Base */,
			);
			name = Main.storyboard;
			sourceTree = "<group>";
		};
		C2782F7F2538267C0049AA3A /* LaunchScreen.storyboard */ = {
			isa = PBXVariantGroup;
			children = (
				C2782F802538267C0049AA3A /* Base */,
			);
			name = LaunchScreen.storyboard;
			sourceTree = "<group>";
		};
/* End PBXVariantGroup section */

/* Begin XCBuildConfiguration section */
		C2782F852538267C0049AA3A /* Debug */ = {
			isa = XCBuildConfiguration;
			buildSettings = {
				ALWAYS_SEARCH_USER_PATHS = NO;
				CLANG_ANALYZER_NONNULL = YES;
				CLANG_ANALYZER_NUMBER_OBJECT_CONVERSION = YES_AGGRESSIVE;
				CLANG_CXX_LANGUAGE_STANDARD = "gnu++14";
				CLANG_CXX_LIBRARY = "libc++";
				CLANG_ENABLE_MODULES = YES;
				CLANG_ENABLE_OBJC_ARC = YES;
				CLANG_ENABLE_OBJC_WEAK = YES;
				CLANG_WARN_BLOCK_CAPTURE_AUTORELEASING = YES;
				CLANG_WARN_BOOL_CONVERSION = YES;
				CLANG_WARN_COMMA = YES;
				CLANG_WARN_CONSTANT_CONVERSION = YES;
				CLANG_WARN_DEPRECATED_OBJC_IMPLEMENTATIONS = YES;
				CLANG_WARN_DIRECT_OBJC_ISA_USAGE = YES_ERROR;
				CLANG_WARN_DOCUMENTATION_COMMENTS = YES;
				CLANG_WARN_EMPTY_BODY = YES;
				CLANG_WARN_ENUM_CONVERSION = YES;
				CLANG_WARN_INFINITE_RECURSION = YES;
				CLANG_WARN_INT_CONVERSION = YES;
				CLANG_WARN_NON_LITERAL_NULL_CONVERSION = YES;
				CLANG_WARN_OBJC_IMPLICIT_RETAIN_SELF = YES;
				CLANG_WARN_OBJC_LITERAL_CONVERSION = YES;
				CLANG_WARN_OBJC_ROOT_CLASS = YES_ERROR;
				CLANG_WARN_RANGE_LOOP_ANALYSIS = YES;
				CLANG_WARN_STRICT_PROTOTYPES = YES;
				CLANG_WARN_SUSPICIOUS_MOVE = YES;
				CLANG_WARN_UNGUARDED_AVAILABILITY = YES_AGGRESSIVE;
				CLANG_WARN_UNREACHABLE_CODE = YES;
				CLANG_WARN__DUPLICATE_METHOD_MATCH = YES;
				COPY_PHASE_STRIP = NO;
				DEBUG_INFORMATION_FORMAT = dwarf;
				ENABLE_STRICT_OBJC_MSGSEND = YES;
				ENABLE_TESTABILITY = YES;
				GCC_C_LANGUAGE_STANDARD = gnu11;
				GCC_DYNAMIC_NO_PIC = NO;
				GCC_NO_COMMON_BLOCKS = YES;
				GCC_OPTIMIZATION_LEVEL = 0;
				GCC_PREPROCESSOR_DEFINITIONS = (
					"DEBUG=1",
					"$(inherited)",
				);
				GCC_WARN_64_TO_32_BIT_CONVERSION = YES;
				GCC_WARN_ABOUT_RETURN_TYPE = YES_ERROR;
				GCC_WARN_UNDECLARED_SELECTOR = YES;
				GCC_WARN_UNINITIALIZED_AUTOS = YES_AGGRESSIVE;
				GCC_WARN_UNUSED_FUNCTION = YES;
				GCC_WARN_UNUSED_VARIABLE = YES;
				IPHONEOS_DEPLOYMENT_TARGET = 13.7;
				MTL_ENABLE_DEBUG_INFO = INCLUDE_SOURCE;
				MTL_FAST_MATH = YES;
				ONLY_ACTIVE_ARCH = YES;
				SDKROOT = iphoneos;
			};
			name = Debug;
		};
		C2782F862538267C0049AA3A /* Release */ = {
			isa = XCBuildConfiguration;
			buildSettings = {
				ALWAYS_SEARCH_USER_PATHS = NO;
				CLANG_ANALYZER_NONNULL = YES;
				CLANG_ANALYZER_NUMBER_OBJECT_CONVERSION = YES_AGGRESSIVE;
				CLANG_CXX_LANGUAGE_STANDARD = "gnu++14";
				CLANG_CXX_LIBRARY = "libc++";
				CLANG_ENABLE_MODULES = YES;
				CLANG_ENABLE_OBJC_ARC = YES;
				CLANG_ENABLE_OBJC_WEAK = YES;
				CLANG_WARN_BLOCK_CAPTURE_AUTORELEASING = YES;
				CLANG_WARN_BOOL_CONVERSION = YES;
				CLANG_WARN_COMMA = YES;
				CLANG_WARN_CONSTANT_CONVERSION = YES;
				CLANG_WARN_DEPRECATED_OBJC_IMPLEMENTATIONS = YES;
				CLANG_WARN_DIRECT_OBJC_ISA_USAGE = YES_ERROR;
				CLANG_WARN_DOCUMENTATION_COMMENTS = YES;
				CLANG_WARN_EMPTY_BODY = YES;
				CLANG_WARN_ENUM_CONVERSION = YES;
				CLANG_WARN_INFINITE_RECURSION = YES;
				CLANG_WARN_INT_CONVERSION = YES;
				CLANG_WARN_NON_LITERAL_NULL_CONVERSION = YES;
				CLANG_WARN_OBJC_IMPLICIT_RETAIN_SELF = YES;
				CLANG_WARN_OBJC_LITERAL_CONVERSION = YES;
				CLANG_WARN_OBJC_ROOT_CLASS = YES_ERROR;
				CLANG_WARN_RANGE_LOOP_ANALYSIS = YES;
				CLANG_WARN_STRICT_PROTOTYPES = YES;
				CLANG_WARN_SUSPICIOUS_MOVE = YES;
				CLANG_WARN_UNGUARDED_AVAILABILITY = YES_AGGRESSIVE;
				CLANG_WARN_UNREACHABLE_CODE = YES;
				CLANG_WARN__DUPLICATE_METHOD_MATCH = YES;
				COPY_PHASE_STRIP = NO;
				DEBUG_INFORMATION_FORMAT = "dwarf-with-dsym";
				ENABLE_NS_ASSERTIONS = NO;
				ENABLE_STRICT_OBJC_MSGSEND = YES;
				GCC_C_LANGUAGE_STANDARD = gnu11;
				GCC_NO_COMMON_BLOCKS = YES;
				GCC_WARN_64_TO_32_BIT_CONVERSION = YES;
				GCC_WARN_ABOUT_RETURN_TYPE = YES_ERROR;
				GCC_WARN_UNDECLARED_SELECTOR = YES;
				GCC_WARN_UNINITIALIZED_AUTOS = YES_AGGRESSIVE;
				GCC_WARN_UNUSED_FUNCTION = YES;
				GCC_WARN_UNUSED_VARIABLE = YES;
				IPHONEOS_DEPLOYMENT_TARGET = 13.7;
				MTL_ENABLE_DEBUG_INFO = NO;
				MTL_FAST_MATH = YES;
				SDKROOT = iphoneos;
				VALIDATE_PRODUCT = YES;
			};
			name = Release;
		};
		C2782F882538267C0049AA3A /* Debug */ = {
			isa = XCBuildConfiguration;
			baseConfigurationReference = DEC189D8BD8268A122A47AD1 /* Pods-LGangTableView.debug.xcconfig */;
			buildSettings = {
				ASSETCATALOG_COMPILER_APPICON_NAME = AppIcon;
				CODE_SIGN_STYLE = Automatic;
				INFOPLIST_FILE = LGangTableView/Info.plist;
				LD_RUNPATH_SEARCH_PATHS = (
					"$(inherited)",
					"@executable_path/Frameworks",
				);
				PRODUCT_BUNDLE_IDENTIFIER = test.LGangTableView.LGangTableView;
				PRODUCT_NAME = "$(TARGET_NAME)";
				TARGETED_DEVICE_FAMILY = "1,2";
			};
			name = Debug;
		};
		C2782F892538267C0049AA3A /* Release */ = {
			isa = XCBuildConfiguration;
			baseConfigurationReference = 081162113572016C0C6FD078 /* Pods-LGangTableView.release.xcconfig */;
			buildSettings = {
				ASSETCATALOG_COMPILER_APPICON_NAME = AppIcon;
				CODE_SIGN_STYLE = Automatic;
				INFOPLIST_FILE = LGangTableView/Info.plist;
				LD_RUNPATH_SEARCH_PATHS = (
					"$(inherited)",
					"@executable_path/Frameworks",
				);
				PRODUCT_BUNDLE_IDENTIFIER = test.LGangTableView.LGangTableView;
				PRODUCT_NAME = "$(TARGET_NAME)";
				TARGETED_DEVICE_FAMILY = "1,2";
			};
			name = Release;
		};
/* End XCBuildConfiguration section */

/* Begin XCConfigurationList section */
		C2782F69253826710049AA3A /* Build configuration list for PBXProject "LGangTableView" */ = {
			isa = XCConfigurationList;
			buildConfigurations = (
				C2782F852538267C0049AA3A /* Debug */,
				C2782F862538267C0049AA3A /* Release */,
			);
			defaultConfigurationIsVisible = 0;
			defaultConfigurationName = Release;
		};
		C2782F872538267C0049AA3A /* Build configuration list for PBXNativeTarget "LGangTableView" */ = {
			isa = XCConfigurationList;
			buildConfigurations = (
				C2782F882538267C0049AA3A /* Debug */,
				C2782F892538267C0049AA3A /* Release */,
			);
			defaultConfigurationIsVisible = 0;
			defaultConfigurationName = Release;
		};
/* End XCConfigurationList section */
	};
	rootObject = C2782F66253826710049AA3A /* Project object */;
}
